<Solution>
  <Folder Name="/src/">
    <Project Path="src/WardogsMortar.Core/WardogsMortar.Core.csproj" />
    <Project Path="src/WardogsMortar.Desktop/WardogsMortar.Desktop.csproj" />
  </Folder>
  <Folder Name="/tests/">
    <Project Path="tests/WardogsMortar.Tests/WardogsMortar.Tests.csproj" />
  </Folder>
</Solution>
